
Microsoft Visual Studio Solution File, Format Version 12.00
# Visual Studio Version 16
VisualStudioVersion = 16.0.29814.53
MinimumVisualStudioVersion = 10.0.40219.1
Project("{9A19103F-16F7-4668-BE54-9A1E7A4F7556}") = "Devino.API", "Devino.API\Devino.API.csproj", "{B8A56CAE-DB91-4DEE-B836-F08C65DD83E6}"
EndProject
Project("{FAE04EC0-301F-11D3-BF4B-00C04F79EFBC}") = "Devino.API.Test", "Devino.API.Test\Devino.API.Test.csproj", "{92F421B5-0F15-43D5-832D-AA9F3A8E584F}"
EndProject
Global
	GlobalSection(SolutionConfigurationPlatforms) = preSolution
		Debug|Any CPU = Debug|Any CPU
		Release|Any CPU = Release|Any CPU
	EndGlobalSection
	GlobalSection(ProjectConfigurationPlatforms) = postSolution
		{B8A56CAE-DB91-4DEE-B836-F08C65DD83E6}.Debug|Any CPU.ActiveCfg = Debug|Any CPU
		{B8A56CAE-DB91-4DEE-B836-F08C65DD83E6}.Debug|Any CPU.Build.0 = Debug|Any CPU
		{B8A56CAE-DB91-4DEE-B836-F08C65DD83E6}.Release|Any CPU.ActiveCfg = Release|Any CPU
		{B8A56CAE-DB91-4DEE-B836-F08C65DD83E6}.Release|Any CPU.Build.0 = Release|Any CPU
		{92F421B5-0F15-43D5-832D-AA9F3A8E584F}.Debug|Any CPU.ActiveCfg = Debug|Any CPU
		{92F421B5-0F15-43D5-832D-AA9F3A8E584F}.Debug|Any CPU.Build.0 = Debug|Any CPU
		{92F421B5-0F15-43D5-832D-AA9F3A8E584F}.Release|Any CPU.ActiveCfg = Release|Any CPU
		{92F421B5-0F15-43D5-832D-AA9F3A8E584F}.Release|Any CPU.Build.0 = Release|Any CPU
	EndGlobalSection
	GlobalSection(SolutionProperties) = preSolution
		HideSolutionNode = FALSE
	EndGlobalSection
	GlobalSection(ExtensibilityGlobals) = postSolution
		SolutionGuid = {8BCD760D-DB44-40AA-8DDF-D1DE0A058F68}
	EndGlobalSection
EndGlobal
